
Microsoft Visual Studio Solution File, Format Version 12.00
# Visual Studio 15
VisualStudioVersion = 15.0.27130.2020
MinimumVisualStudioVersion = 10.0.40219.1
Project("{FAE04EC0-301F-11D3-BF4B-00C04F79EFBC}") = "EConsult_T.Api", "EConsult_T.Api\EConsult_T.Api.csproj", "{8F7B4225-5967-4B56-AD7A-B1AA4FC713B7}"
EndProject
Project("{FAE04EC0-301F-11D3-BF4B-00C04F79EFBC}") = "EConsult_T.DAL", "EConsult_T.DAL\EConsult_T.DAL.csproj", "{49268B03-2568-440A-BC6C-13FE31C80077}"
EndProject
Global
	GlobalSection(SolutionConfigurationPlatforms) = preSolution
		Debug|Any CPU = Debug|Any CPU
		Release|Any CPU = Release|Any CPU
	EndGlobalSection
	GlobalSection(ProjectConfigurationPlatforms) = postSolution
		{8F7B4225-5967-4B56-AD7A-B1AA4FC713B7}.Debug|Any CPU.ActiveCfg = Debug|Any CPU
		{8F7B4225-5967-4B56-AD7A-B1AA4FC713B7}.Debug|Any CPU.Build.0 = Debug|Any CPU
		{8F7B4225-5967-4B56-AD7A-B1AA4FC713B7}.Release|Any CPU.ActiveCfg = Release|Any CPU
		{8F7B4225-5967-4B56-AD7A-B1AA4FC713B7}.Release|Any CPU.Build.0 = Release|Any CPU
		{49268B03-2568-440A-BC6C-13FE31C80077}.Debug|Any CPU.ActiveCfg = Debug|Any CPU
		{49268B03-2568-440A-BC6C-13FE31C80077}.Debug|Any CPU.Build.0 = Debug|Any CPU
		{49268B03-2568-440A-BC6C-13FE31C80077}.Release|Any CPU.ActiveCfg = Release|Any CPU
		{49268B03-2568-440A-BC6C-13FE31C80077}.Release|Any CPU.Build.0 = Release|Any CPU
	EndGlobalSection
	GlobalSection(SolutionProperties) = preSolution
		HideSolutionNode = FALSE
	EndGlobalSection
	GlobalSection(ExtensibilityGlobals) = postSolution
		SolutionGuid = {0377E616-E9EA-4057-B8E1-DFB6D4254851}
	EndGlobalSection
EndGlobal
